PODS:
  - SCSDKCameraKit (1.21.0)
  - SCSDKCameraKitBaseExtension (1.21.0):
    - SCSDKCameraKit (~> 1.21.0)
  - SCSDKCameraKitLoginKitAuth (1.21.0):
    - SCSDKCameraKit (~> 1.21.0)
    - SnapSDK/SCSDKLoginKit (= 2.4.0)
  - SCSDKCameraKitPushToDeviceExtension (1.21.0):
    - SCSDKCameraKitBaseExtension (~> 1.21.0)
  - SCSDKCameraKitReferenceSwiftUI (1.21.0):
    - SCSDKCameraKitReferenceUI (~> 1.21.0)
  - SCSDKCameraKitReferenceUI (1.21.0):
    - SCSDKCameraKit (~> 1.21.0)
  - SnapSDK/SCSDKCoreKit (2.4.0)
  - SnapSDK/SCSDKCreativeKit (2.4.0):
    - SnapSDK/SCSDKCoreKit
  - SnapSDK/SCSDKLoginKit (2.4.0):
    - SnapSDK/SCSDKCoreKit

DEPENDENCIES:
  - SCSDKCameraKit (= 1.21.0)
  - SCSDKCameraKitBaseExtension (= 1.21.0)
  - SCSDKCameraKitLoginKitAuth (= 1.21.0)
  - SCSDKCameraKitPushToDeviceExtension (= 1.21.0)
  - SCSDKCameraKitReferenceSwiftUI (= 1.21.0)
  - SCSDKCameraKitReferenceUI (= 1.21.0)
  - SnapSDK/SCSDKCreativeKit (= 2.4.0)

SPEC REPOS:
  trunk:
    - SCSDKCameraKit
    - SCSDKCameraKitBaseExtension
    - SCSDKCameraKitLoginKitAuth
    - SCSDKCameraKitPushToDeviceExtension
    - SCSDKCameraKitReferenceSwiftUI
    - SCSDKCameraKitReferenceUI
    - SnapSDK

SPEC CHECKSUMS:
  SCSDKCameraKit: 20db07ad486719e959a11abdbcda9f7d4a69f79b
  SCSDKCameraKitBaseExtension: ef4ea3e4386d7433754bb37ddf2d943557735e7e
  SCSDKCameraKitLoginKitAuth: 51c57d072f5f2c76e6a1454e8176dffb8ef774ff
  SCSDKCameraKitPushToDeviceExtension: 195a7047cbcddaa18418dfdd7143bbf8eca841ee
  SCSDKCameraKitReferenceSwiftUI: 6d72710d4f242401cdb9c36b8c2c8022da6c92b6
  SCSDKCameraKitReferenceUI: dbc6ed1aa6cce3d2fee046ba84b18666aa1caa13
  SnapSDK: e832716ff024b17b448f9bca5feeac5a3daed3ff

PODFILE CHECKSUM: b53ca113839fea5c1122afc0891f083a32f2fe20

COCOAPODS: 1.10.2
