PODS:
  - SCSDKCameraKit (1.26.0)
  - SnapSDK/SCSDKCoreKit (2.4.0)
  - SnapSDK/SCSDKCreativeKit (2.4.0):
    - SnapSDK/SCSDKCoreKit

DEPENDENCIES:
  - SCSDKCameraKit (= 1.26.0)
  - SnapSDK/SCSDKCreativeKit (= 2.4.0)

SPEC REPOS:
  trunk:
    - SCSDKCameraKit
    - SnapSDK

SPEC CHECKSUMS:
  SCSDKCameraKit: a5b201bfd0afe5bafb1064fc518a8b6367687928
  SnapSDK: e832716ff024b17b448f9bca5feeac5a3daed3ff

PODFILE CHECKSUM: 5f5b0761f600625fb8f0d9c48d16e73ea808fd08

COCOAPODS: 1.11.3
