// !$*UTF8*$!
{
	archiveVersion = 1;
	classes = {
	};
	objectVersion = 51;
	objects = {

/* Begin PBXBuildFile section */
		0F16357923F1E30900DA79A0 /* ApplicationInfo.swift in Sources */ = {isa = PBXBuildFile; fileRef = 0F16357823F1E30900DA79A0 /* ApplicationInfo.swift */; };
		0F16357B23F1E34D00DA79A0 /* ApplicationInfoTests.swift in Sources */ = {isa = PBXBuildFile; fileRef = 0F16357A23F1E34D00DA79A0 /* ApplicationInfoTests.swift */; };
		0F3A1CE1242C30B000CADA27 /* lens_icons in Resources */ = {isa = PBXBuildFile; fileRef = 0F3A1CE0242C30B000CADA27 /* lens_icons */; };
		0F5219222832D18C00CFDC26 /* CatFactLensRemoteApi.swift in Sources */ = {isa = PBXBuildFile; fileRef = 0F5219212832D18C00CFDC26 /* CatFactLensRemoteApi.swift */; };
		0FA888552416B2FF0033B70B /* Assets.xcassets in Resources */ = {isa = PBXBuildFile; fileRef = 0FF07ED623D79DC500CFFA3F /* Assets.xcassets */; };
		0FF07ECE23D79DC400CFFA3F /* AppDelegate.swift in Sources */ = {isa = PBXBuildFile; fileRef = 0FF07ECD23D79DC400CFFA3F /* AppDelegate.swift */; };
		0FF07EDA23D79DC500CFFA3F /* LaunchScreen.storyboard in Resources */ = {isa = PBXBuildFile; fileRef = 0FF07ED823D79DC500CFFA3F /* LaunchScreen.storyboard */; };
		0FF07EF023D79DC500CFFA3F /* CameraKitSampleUITests.swift in Sources */ = {isa = PBXBuildFile; fileRef = 0FF07EEF23D79DC500CFFA3F /* CameraKitSampleUITests.swift */; };
		0FF07F0223D7BFC100CFFA3F /* lenses in Resources */ = {isa = PBXBuildFile; fileRef = 0FF07F0123D7BFC100CFFA3F /* lenses */; };
		5093DB202943E2A40092D8F2 /* CustomizedCameraViewController.swift in Sources */ = {isa = PBXBuildFile; fileRef = 5093DB1F2943E2A40092D8F2 /* CustomizedCameraViewController.swift */; };
		50F8ED132A032D2800430FAF /* DebugStore.swift in Sources */ = {isa = PBXBuildFile; fileRef = 50F8ED122A032D2800430FAF /* DebugStore.swift */; };
		50F8ED152A0334F300430FAF /* DebugView.swift in Sources */ = {isa = PBXBuildFile; fileRef = 50F8ED142A0334F300430FAF /* DebugView.swift */; };
		50F8ED172A03392600430FAF /* LensGroupIDsView.swift in Sources */ = {isa = PBXBuildFile; fileRef = 50F8ED162A03392600430FAF /* LensGroupIDsView.swift */; };
		50F8ED192A033FF400430FAF /* APITokenView.swift in Sources */ = {isa = PBXBuildFile; fileRef = 50F8ED182A033FF400430FAF /* APITokenView.swift */; };
		8E9270C37100DC880799AD50 /* libPods-CameraKitSampleTests.a in Frameworks */ = {isa = PBXBuildFile; fileRef = D2936A4A58C121E055261F97 /* libPods-CameraKitSampleTests.a */; };
		A678629229419A8D00F5AF06 /* Localizable.strings in Resources */ = {isa = PBXBuildFile; fileRef = A678629429419A8D00F5AF06 /* Localizable.strings */; };
		D2833CE1F34D4609C778B956 /* libPods-CameraKitSample.a in Frameworks */ = {isa = PBXBuildFile; fileRef = BC6D0305DD89DAA0AF3CB771 /* libPods-CameraKitSample.a */; };
/* End PBXBuildFile section */

/* Begin PBXContainerItemProxy section */
		0FF07EE123D79DC500CFFA3F /* PBXContainerItemProxy */ = {
			isa = PBXContainerItemProxy;
			containerPortal = 0FF07EC223D79DC400CFFA3F /* Project object */;
			proxyType = 1;
			remoteGlobalIDString = 0FF07EC923D79DC400CFFA3F;
			remoteInfo = CameraKitSample;
		};
		0FF07EEC23D79DC500CFFA3F /* PBXContainerItemProxy */ = {
			isa = PBXContainerItemProxy;
			containerPortal = 0FF07EC223D79DC400CFFA3F /* Project object */;
			proxyType = 1;
			remoteGlobalIDString = 0FF07EC923D79DC400CFFA3F;
			remoteInfo = CameraKitSample;
		};
/* End PBXContainerItemProxy section */

/* Begin PBXFileReference section */
		0F16357823F1E30900DA79A0 /* ApplicationInfo.swift */ = {isa = PBXFileReference; fileEncoding = 4; lastKnownFileType = sourcecode.swift; path = ApplicationInfo.swift; sourceTree = "<group>"; };
		0F16357A23F1E34D00DA79A0 /* ApplicationInfoTests.swift */ = {isa = PBXFileReference; fileEncoding = 4; lastKnownFileType = sourcecode.swift; path = ApplicationInfoTests.swift; sourceTree = "<group>"; };
		0F3A1CE0242C30B000CADA27 /* lens_icons */ = {isa = PBXFileReference; lastKnownFileType = folder; path = lens_icons; sourceTree = "<group>"; };
		0F5219212832D18C00CFDC26 /* CatFactLensRemoteApi.swift */ = {isa = PBXFileReference; lastKnownFileType = sourcecode.swift; path = CatFactLensRemoteApi.swift; sourceTree = "<group>"; };
		0F711700251A9C4F003EA17A /* SCSDKCoreKit.framework */ = {isa = PBXFileReference; lastKnownFileType = wrapper.framework; name = SCSDKCoreKit.framework; path = SnapKit/SCSDKCoreKit.framework; sourceTree = "<group>"; };
		0F711701251A9C4F003EA17A /* SCSDKCreativeKit.framework */ = {isa = PBXFileReference; lastKnownFileType = wrapper.framework; name = SCSDKCreativeKit.framework; path = SnapKit/SCSDKCreativeKit.framework; sourceTree = "<group>"; };
		0F711725251AB775003EA17A /* SCSDKCameraKit.xcframework */ = {isa = PBXFileReference; lastKnownFileType = wrapper.xcframework; name = SCSDKCameraKit.xcframework; path = CameraKit/Sources/SCSDKCameraKit.xcframework; sourceTree = "<group>"; };
		0FF07ECA23D79DC400CFFA3F /* CameraKitSample.app */ = {isa = PBXFileReference; explicitFileType = wrapper.application; includeInIndex = 0; path = CameraKitSample.app; sourceTree = BUILT_PRODUCTS_DIR; };
		0FF07ECD23D79DC400CFFA3F /* AppDelegate.swift */ = {isa = PBXFileReference; lastKnownFileType = sourcecode.swift; path = AppDelegate.swift; sourceTree = "<group>"; };
		0FF07ED623D79DC500CFFA3F /* Assets.xcassets */ = {isa = PBXFileReference; lastKnownFileType = folder.assetcatalog; path = Assets.xcassets; sourceTree = "<group>"; };
		0FF07ED923D79DC500CFFA3F /* Base */ = {isa = PBXFileReference; lastKnownFileType = file.storyboard; name = Base; path = Base.lproj/LaunchScreen.storyboard; sourceTree = "<group>"; };
		0FF07EDB23D79DC500CFFA3F /* Info.plist */ = {isa = PBXFileReference; lastKnownFileType = text.plist.xml; path = Info.plist; sourceTree = "<group>"; };
		0FF07EE023D79DC500CFFA3F /* CameraKitSampleTests.xctest */ = {isa = PBXFileReference; explicitFileType = wrapper.cfbundle; includeInIndex = 0; path = CameraKitSampleTests.xctest; sourceTree = BUILT_PRODUCTS_DIR; };
		0FF07EE623D79DC500CFFA3F /* Info.plist */ = {isa = PBXFileReference; lastKnownFileType = text.plist.xml; path = Info.plist; sourceTree = "<group>"; };
		0FF07EEB23D79DC500CFFA3F /* CameraKitSampleUITests.xctest */ = {isa = PBXFileReference; explicitFileType = wrapper.cfbundle; includeInIndex = 0; path = CameraKitSampleUITests.xctest; sourceTree = BUILT_PRODUCTS_DIR; };
		0FF07EEF23D79DC500CFFA3F /* CameraKitSampleUITests.swift */ = {isa = PBXFileReference; lastKnownFileType = sourcecode.swift; path = CameraKitSampleUITests.swift; sourceTree = "<group>"; };
		0FF07EF123D79DC500CFFA3F /* Info.plist */ = {isa = PBXFileReference; lastKnownFileType = text.plist.xml; path = Info.plist; sourceTree = "<group>"; };
		0FF07F0123D7BFC100CFFA3F /* lenses */ = {isa = PBXFileReference; lastKnownFileType = folder; path = lenses; sourceTree = "<group>"; };
		102E255BE3ECAD766E9F184B /* Pods-CameraKitSampleTests.enterprise.xcconfig */ = {isa = PBXFileReference; includeInIndex = 1; lastKnownFileType = text.xcconfig; name = "Pods-CameraKitSampleTests.enterprise.xcconfig"; path = "Target Support Files/Pods-CameraKitSampleTests/Pods-CameraKitSampleTests.enterprise.xcconfig"; sourceTree = "<group>"; };
		5093DB1F2943E2A40092D8F2 /* CustomizedCameraViewController.swift */ = {isa = PBXFileReference; lastKnownFileType = sourcecode.swift; path = CustomizedCameraViewController.swift; sourceTree = "<group>"; };
		50F8ED122A032D2800430FAF /* DebugStore.swift */ = {isa = PBXFileReference; lastKnownFileType = sourcecode.swift; path = DebugStore.swift; sourceTree = "<group>"; };
		50F8ED142A0334F300430FAF /* DebugView.swift */ = {isa = PBXFileReference; lastKnownFileType = sourcecode.swift; path = DebugView.swift; sourceTree = "<group>"; };
		50F8ED162A03392600430FAF /* LensGroupIDsView.swift */ = {isa = PBXFileReference; lastKnownFileType = sourcecode.swift; path = LensGroupIDsView.swift; sourceTree = "<group>"; };
		50F8ED182A033FF400430FAF /* APITokenView.swift */ = {isa = PBXFileReference; lastKnownFileType = sourcecode.swift; path = APITokenView.swift; sourceTree = "<group>"; };
		5BF194BD9CAB638B7CF8B766 /* Pods-CameraKitSampleTests.release.xcconfig */ = {isa = PBXFileReference; includeInIndex = 1; lastKnownFileType = text.xcconfig; name = "Pods-CameraKitSampleTests.release.xcconfig"; path = "Target Support Files/Pods-CameraKitSampleTests/Pods-CameraKitSampleTests.release.xcconfig"; sourceTree = "<group>"; };
		9A27A7977E990FF3BA7D2F75 /* Pods-CameraKitSample.release.xcconfig */ = {isa = PBXFileReference; includeInIndex = 1; lastKnownFileType = text.xcconfig; name = "Pods-CameraKitSample.release.xcconfig"; path = "Target Support Files/Pods-CameraKitSample/Pods-CameraKitSample.release.xcconfig"; sourceTree = "<group>"; };
		9E2C4409553480641E55EB29 /* Pods-CameraKitSample.debug.xcconfig */ = {isa = PBXFileReference; includeInIndex = 1; lastKnownFileType = text.xcconfig; name = "Pods-CameraKitSample.debug.xcconfig"; path = "Target Support Files/Pods-CameraKitSample/Pods-CameraKitSample.debug.xcconfig"; sourceTree = "<group>"; };
		A678629329419A8D00F5AF06 /* en */ = {isa = PBXFileReference; lastKnownFileType = text.plist.strings; name = en; path = en.lproj/Localizable.strings; sourceTree = "<group>"; };
		BC6D0305DD89DAA0AF3CB771 /* libPods-CameraKitSample.a */ = {isa = PBXFileReference; explicitFileType = archive.ar; includeInIndex = 0; path = "libPods-CameraKitSample.a"; sourceTree = BUILT_PRODUCTS_DIR; };
		C4844B22C684FC739EE48139 /* Pods-CameraKitSample.enterprise.xcconfig */ = {isa = PBXFileReference; includeInIndex = 1; lastKnownFileType = text.xcconfig; name = "Pods-CameraKitSample.enterprise.xcconfig"; path = "Target Support Files/Pods-CameraKitSample/Pods-CameraKitSample.enterprise.xcconfig"; sourceTree = "<group>"; };
		CF62D770B57A393FA6DF9A21 /* Pods-CameraKitSampleTests.debug.xcconfig */ = {isa = PBXFileReference; includeInIndex = 1; lastKnownFileType = text.xcconfig; name = "Pods-CameraKitSampleTests.debug.xcconfig"; path = "Target Support Files/Pods-CameraKitSampleTests/Pods-CameraKitSampleTests.debug.xcconfig"; sourceTree = "<group>"; };
		D2936A4A58C121E055261F97 /* libPods-CameraKitSampleTests.a */ = {isa = PBXFileReference; explicitFileType = archive.ar; includeInIndex = 0; path = "libPods-CameraKitSampleTests.a"; sourceTree = BUILT_PRODUCTS_DIR; };
/* End PBXFileReference section */

/* Begin PBXFrameworksBuildPhase section */
		0FF07EC723D79DC400CFFA3F /* Frameworks */ = {
			isa = PBXFrameworksBuildPhase;
			buildActionMask = 2147483647;
			files = (
				D2833CE1F34D4609C778B956 /* libPods-CameraKitSample.a in Frameworks */,
			);
			runOnlyForDeploymentPostprocessing = 0;
		};
		0FF07EDD23D79DC500CFFA3F /* Frameworks */ = {
			isa = PBXFrameworksBuildPhase;
			buildActionMask = 2147483647;
			files = (
				8E9270C37100DC880799AD50 /* libPods-CameraKitSampleTests.a in Frameworks */,
			);
			runOnlyForDeploymentPostprocessing = 0;
		};
		0FF07EE823D79DC500CFFA3F /* Frameworks */ = {
			isa = PBXFrameworksBuildPhase;
			buildActionMask = 2147483647;
			files = (
			);
			runOnlyForDeploymentPostprocessing = 0;
		};
/* End PBXFrameworksBuildPhase section */

/* Begin PBXGroup section */
		0F16357723F1E30900DA79A0 /* Application */ = {
			isa = PBXGroup;
			children = (
				0F16357823F1E30900DA79A0 /* ApplicationInfo.swift */,
				0F5219212832D18C00CFDC26 /* CatFactLensRemoteApi.swift */,
				A6786286293F183B00F5AF06 /* Debug */,
				A678629429419A8D00F5AF06 /* Localizable.strings */,
			);
			path = Application;
			sourceTree = "<group>";
		};
		0F7116F22519D93F003EA17A /* Frameworks */ = {
			isa = PBXGroup;
			children = (
				0F711700251A9C4F003EA17A /* SCSDKCoreKit.framework */,
				0F711701251A9C4F003EA17A /* SCSDKCreativeKit.framework */,
				0F711725251AB775003EA17A /* SCSDKCameraKit.xcframework */,
				BC6D0305DD89DAA0AF3CB771 /* libPods-CameraKitSample.a */,
				D2936A4A58C121E055261F97 /* libPods-CameraKitSampleTests.a */,
			);
			name = Frameworks;
			sourceTree = "<group>";
		};
		0FF07EC123D79DC400CFFA3F = {
			isa = PBXGroup;
			children = (
				0FF07ECC23D79DC400CFFA3F /* CameraKitSample */,
				0FF07EE323D79DC500CFFA3F /* CameraKitSampleTests */,
				0FF07EEE23D79DC500CFFA3F /* CameraKitSampleUITests */,
				0FF07ECB23D79DC400CFFA3F /* Products */,
				0F7116F22519D93F003EA17A /* Frameworks */,
				B26871F2CD561A2368C2180C /* Pods */,
			);
			sourceTree = "<group>";
		};
		0FF07ECB23D79DC400CFFA3F /* Products */ = {
			isa = PBXGroup;
			children = (
				0FF07ECA23D79DC400CFFA3F /* CameraKitSample.app */,
				0FF07EE023D79DC500CFFA3F /* CameraKitSampleTests.xctest */,
				0FF07EEB23D79DC500CFFA3F /* CameraKitSampleUITests.xctest */,
			);
			name = Products;
			sourceTree = "<group>";
		};
		0FF07ECC23D79DC400CFFA3F /* CameraKitSample */ = {
			isa = PBXGroup;
			children = (
				0FF07ECD23D79DC400CFFA3F /* AppDelegate.swift */,
				5093DB1F2943E2A40092D8F2 /* CustomizedCameraViewController.swift */,
				0F16357723F1E30900DA79A0 /* Application */,
				0FF07ED623D79DC500CFFA3F /* Assets.xcassets */,
				0F3A1CE0242C30B000CADA27 /* lens_icons */,
				0FF07F0123D7BFC100CFFA3F /* lenses */,
				0FF07ED823D79DC500CFFA3F /* LaunchScreen.storyboard */,
				0FF07EDB23D79DC500CFFA3F /* Info.plist */,
			);
			path = CameraKitSample;
			sourceTree = "<group>";
		};
		0FF07EE323D79DC500CFFA3F /* CameraKitSampleTests */ = {
			isa = PBXGroup;
			children = (
				0F16357A23F1E34D00DA79A0 /* ApplicationInfoTests.swift */,
				0FF07EE623D79DC500CFFA3F /* Info.plist */,
			);
			path = CameraKitSampleTests;
			sourceTree = "<group>";
		};
		0FF07EEE23D79DC500CFFA3F /* CameraKitSampleUITests */ = {
			isa = PBXGroup;
			children = (
				0FF07EEF23D79DC500CFFA3F /* CameraKitSampleUITests.swift */,
				0FF07EF123D79DC500CFFA3F /* Info.plist */,
			);
			path = CameraKitSampleUITests;
			sourceTree = "<group>";
		};
		A6786286293F183B00F5AF06 /* Debug */ = {
			isa = PBXGroup;
			children = (
				50F8ED122A032D2800430FAF /* DebugStore.swift */,
				50F8ED162A03392600430FAF /* LensGroupIDsView.swift */,
				50F8ED182A033FF400430FAF /* APITokenView.swift */,
				50F8ED142A0334F300430FAF /* DebugView.swift */,
			);
			path = Debug;
			sourceTree = "<group>";
		};
		B26871F2CD561A2368C2180C /* Pods */ = {
			isa = PBXGroup;
			children = (
				9E2C4409553480641E55EB29 /* Pods-CameraKitSample.debug.xcconfig */,
				9A27A7977E990FF3BA7D2F75 /* Pods-CameraKitSample.release.xcconfig */,
				C4844B22C684FC739EE48139 /* Pods-CameraKitSample.enterprise.xcconfig */,
				CF62D770B57A393FA6DF9A21 /* Pods-CameraKitSampleTests.debug.xcconfig */,
				5BF194BD9CAB638B7CF8B766 /* Pods-CameraKitSampleTests.release.xcconfig */,
				102E255BE3ECAD766E9F184B /* Pods-CameraKitSampleTests.enterprise.xcconfig */,
			);
			path = Pods;
			sourceTree = "<group>";
		};
/* End PBXGroup section */

/* Begin PBXNativeTarget section */
		0FF07EC923D79DC400CFFA3F /* CameraKitSample */ = {
			isa = PBXNativeTarget;
			buildConfigurationList = 0FF07EF423D79DC500CFFA3F /* Build configuration list for PBXNativeTarget "CameraKitSample" */;
			buildPhases = (
				B90536E1DBB6B27804972524 /* [CP] Check Pods Manifest.lock */,
				0FF07EC623D79DC400CFFA3F /* Sources */,
				0FF07EC723D79DC400CFFA3F /* Frameworks */,
				0FF07EC823D79DC400CFFA3F /* Resources */,
				BE45EFDFED49123EA59A20D3 /* [CP] Embed Pods Frameworks */,
				8E108F9EA042CC6216849660 /* [CP] Copy Pods Resources */,
			);
			buildRules = (
			);
			dependencies = (
			);
			name = CameraKitSample;
			productName = CameraKitSample;
			productReference = 0FF07ECA23D79DC400CFFA3F /* CameraKitSample.app */;
			productType = "com.apple.product-type.application";
		};
		0FF07EDF23D79DC500CFFA3F /* CameraKitSampleTests */ = {
			isa = PBXNativeTarget;
			buildConfigurationList = 0FF07EF723D79DC500CFFA3F /* Build configuration list for PBXNativeTarget "CameraKitSampleTests" */;
			buildPhases = (
				32E7E9B8D8D3ECB8201A3F44 /* [CP] Check Pods Manifest.lock */,
				0FF07EDC23D79DC500CFFA3F /* Sources */,
				0FF07EDD23D79DC500CFFA3F /* Frameworks */,
				0FF07EDE23D79DC500CFFA3F /* Resources */,
			);
			buildRules = (
			);
			dependencies = (
				0FF07EE223D79DC500CFFA3F /* PBXTargetDependency */,
			);
			name = CameraKitSampleTests;
			productName = CameraKitSampleTests;
			productReference = 0FF07EE023D79DC500CFFA3F /* CameraKitSampleTests.xctest */;
			productType = "com.apple.product-type.bundle.unit-test";
		};
		0FF07EEA23D79DC500CFFA3F /* CameraKitSampleUITests */ = {
			isa = PBXNativeTarget;
			buildConfigurationList = 0FF07EFA23D79DC500CFFA3F /* Build configuration list for PBXNativeTarget "CameraKitSampleUITests" */;
			buildPhases = (
				0FF07EE723D79DC500CFFA3F /* Sources */,
				0FF07EE823D79DC500CFFA3F /* Frameworks */,
				0FF07EE923D79DC500CFFA3F /* Resources */,
			);
			buildRules = (
			);
			dependencies = (
				0FF07EED23D79DC500CFFA3F /* PBXTargetDependency */,
			);
			name = CameraKitSampleUITests;
			productName = CameraKitSampleUITests;
			productReference = 0FF07EEB23D79DC500CFFA3F /* CameraKitSampleUITests.xctest */;
			productType = "com.apple.product-type.bundle.ui-testing";
		};
/* End PBXNativeTarget section */

/* Begin PBXProject section */
		0FF07EC223D79DC400CFFA3F /* Project object */ = {
			isa = PBXProject;
			attributes = {
				LastSwiftUpdateCheck = 1130;
				LastUpgradeCheck = 1130;
				ORGANIZATIONNAME = Snap;
				TargetAttributes = {
					0FF07EC923D79DC400CFFA3F = {
						CreatedOnToolsVersion = 11.3.1;
					};
					0FF07EDF23D79DC500CFFA3F = {
						CreatedOnToolsVersion = 11.3.1;
						TestTargetID = 0FF07EC923D79DC400CFFA3F;
					};
					0FF07EEA23D79DC500CFFA3F = {
						CreatedOnToolsVersion = 11.3.1;
						TestTargetID = 0FF07EC923D79DC400CFFA3F;
					};
				};
			};
			buildConfigurationList = 0FF07EC523D79DC400CFFA3F /* Build configuration list for PBXProject "CameraKitSample" */;
			compatibilityVersion = "Xcode 9.3";
			developmentRegion = en;
			hasScannedForEncodings = 0;
			knownRegions = (
				en,
				Base,
			);
			mainGroup = 0FF07EC123D79DC400CFFA3F;
			productRefGroup = 0FF07ECB23D79DC400CFFA3F /* Products */;
			projectDirPath = "";
			projectRoot = "";
			targets = (
				0FF07EC923D79DC400CFFA3F /* CameraKitSample */,
				0FF07EDF23D79DC500CFFA3F /* CameraKitSampleTests */,
				0FF07EEA23D79DC500CFFA3F /* CameraKitSampleUITests */,
			);
		};
/* End PBXProject section */

/* Begin PBXResourcesBuildPhase section */
		0FF07EC823D79DC400CFFA3F /* Resources */ = {
			isa = PBXResourcesBuildPhase;
			buildActionMask = 2147483647;
			files = (
				A678629229419A8D00F5AF06 /* Localizable.strings in Resources */,
				0FA888552416B2FF0033B70B /* Assets.xcassets in Resources */,
				0FF07F0223D7BFC100CFFA3F /* lenses in Resources */,
				0FF07EDA23D79DC500CFFA3F /* LaunchScreen.storyboard in Resources */,
				0F3A1CE1242C30B000CADA27 /* lens_icons in Resources */,
			);
			runOnlyForDeploymentPostprocessing = 0;
		};
		0FF07EDE23D79DC500CFFA3F /* Resources */ = {
			isa = PBXResourcesBuildPhase;
			buildActionMask = 2147483647;
			files = (
			);
			runOnlyForDeploymentPostprocessing = 0;
		};
		0FF07EE923D79DC500CFFA3F /* Resources */ = {
			isa = PBXResourcesBuildPhase;
			buildActionMask = 2147483647;
			files = (
			);
			runOnlyForDeploymentPostprocessing = 0;
		};
/* End PBXResourcesBuildPhase section */

/* Begin PBXShellScriptBuildPhase section */
		32E7E9B8D8D3ECB8201A3F44 /* [CP] Check Pods Manifest.lock */ = {
			isa = PBXShellScriptBuildPhase;
			buildActionMask = 2147483647;
			files = (
			);
			inputFileListPaths = (
			);
			inputPaths = (
				"${PODS_PODFILE_DIR_PATH}/Podfile.lock",
				"${PODS_ROOT}/Manifest.lock",
			);
			name = "[CP] Check Pods Manifest.lock";
			outputFileListPaths = (
			);
			outputPaths = (
				"$(DERIVED_FILE_DIR)/Pods-CameraKitSampleTests-checkManifestLockResult.txt",
			);
			runOnlyForDeploymentPostprocessing = 0;
			shellPath = /bin/sh;
			shellScript = "diff \"${PODS_PODFILE_DIR_PATH}/Podfile.lock\" \"${PODS_ROOT}/Manifest.lock\" > /dev/null\nif [ $? != 0 ] ; then\n    # print error to STDERR\n    echo \"error: The sandbox is not in sync with the Podfile.lock. Run 'pod install' or update your CocoaPods installation.\" >&2\n    exit 1\nfi\n# This output is used by Xcode 'outputs' to avoid re-running this script phase.\necho \"SUCCESS\" > \"${SCRIPT_OUTPUT_FILE_0}\"\n";
			showEnvVarsInLog = 0;
		};
		8E108F9EA042CC6216849660 /* [CP] Copy Pods Resources */ = {
			isa = PBXShellScriptBuildPhase;
			buildActionMask = 2147483647;
			files = (
			);
			inputFileListPaths = (
				"${PODS_ROOT}/Target Support Files/Pods-CameraKitSample/Pods-CameraKitSample-resources-${CONFIGURATION}-input-files.xcfilelist",
			);
			name = "[CP] Copy Pods Resources";
			outputFileListPaths = (
				"${PODS_ROOT}/Target Support Files/Pods-CameraKitSample/Pods-CameraKitSample-resources-${CONFIGURATION}-output-files.xcfilelist",
			);
			runOnlyForDeploymentPostprocessing = 0;
			shellPath = /bin/sh;
			shellScript = "\"${PODS_ROOT}/Target Support Files/Pods-CameraKitSample/Pods-CameraKitSample-resources.sh\"\n";
			showEnvVarsInLog = 0;
		};
		B90536E1DBB6B27804972524 /* [CP] Check Pods Manifest.lock */ = {
			isa = PBXShellScriptBuildPhase;
			buildActionMask = 2147483647;
			files = (
			);
			inputFileListPaths = (
			);
			inputPaths = (
				"${PODS_PODFILE_DIR_PATH}/Podfile.lock",
				"${PODS_ROOT}/Manifest.lock",
			);
			name = "[CP] Check Pods Manifest.lock";
			outputFileListPaths = (
			);
			outputPaths = (
				"$(DERIVED_FILE_DIR)/Pods-CameraKitSample-checkManifestLockResult.txt",
			);
			runOnlyForDeploymentPostprocessing = 0;
			shellPath = /bin/sh;
			shellScript = "diff \"${PODS_PODFILE_DIR_PATH}/Podfile.lock\" \"${PODS_ROOT}/Manifest.lock\" > /dev/null\nif [ $? != 0 ] ; then\n    # print error to STDERR\n    echo \"error: The sandbox is not in sync with the Podfile.lock. Run 'pod install' or update your CocoaPods installation.\" >&2\n    exit 1\nfi\n# This output is used by Xcode 'outputs' to avoid re-running this script phase.\necho \"SUCCESS\" > \"${SCRIPT_OUTPUT_FILE_0}\"\n";
			showEnvVarsInLog = 0;
		};
		BE45EFDFED49123EA59A20D3 /* [CP] Embed Pods Frameworks */ = {
			isa = PBXShellScriptBuildPhase;
			buildActionMask = 2147483647;
			files = (
			);
			inputFileListPaths = (
				"${PODS_ROOT}/Target Support Files/Pods-CameraKitSample/Pods-CameraKitSample-frameworks-${CONFIGURATION}-input-files.xcfilelist",
			);
			name = "[CP] Embed Pods Frameworks";
			outputFileListPaths = (
				"${PODS_ROOT}/Target Support Files/Pods-CameraKitSample/Pods-CameraKitSample-frameworks-${CONFIGURATION}-output-files.xcfilelist",
			);
			runOnlyForDeploymentPostprocessing = 0;
			shellPath = /bin/sh;
			shellScript = "\"${PODS_ROOT}/Target Support Files/Pods-CameraKitSample/Pods-CameraKitSample-frameworks.sh\"\n";
			showEnvVarsInLog = 0;
		};
/* End PBXShellScriptBuildPhase section */

/* Begin PBXSourcesBuildPhase section */
		0FF07EC623D79DC400CFFA3F /* Sources */ = {
			isa = PBXSourcesBuildPhase;
			buildActionMask = 2147483647;
			files = (
				50F8ED192A033FF400430FAF /* APITokenView.swift in Sources */,
				5093DB202943E2A40092D8F2 /* CustomizedCameraViewController.swift in Sources */,
				50F8ED152A0334F300430FAF /* DebugView.swift in Sources */,
				0FF07ECE23D79DC400CFFA3F /* AppDelegate.swift in Sources */,
				50F8ED172A03392600430FAF /* LensGroupIDsView.swift in Sources */,
				0F5219222832D18C00CFDC26 /* CatFactLensRemoteApi.swift in Sources */,
				0F16357923F1E30900DA79A0 /* ApplicationInfo.swift in Sources */,
				50F8ED132A032D2800430FAF /* DebugStore.swift in Sources */,
			);
			runOnlyForDeploymentPostprocessing = 0;
		};
		0FF07EDC23D79DC500CFFA3F /* Sources */ = {
			isa = PBXSourcesBuildPhase;
			buildActionMask = 2147483647;
			files = (
				0F16357B23F1E34D00DA79A0 /* ApplicationInfoTests.swift in Sources */,
			);
			runOnlyForDeploymentPostprocessing = 0;
		};
		0FF07EE723D79DC500CFFA3F /* Sources */ = {
			isa = PBXSourcesBuildPhase;
			buildActionMask = 2147483647;
			files = (
				0FF07EF023D79DC500CFFA3F /* CameraKitSampleUITests.swift in Sources */,
			);
			runOnlyForDeploymentPostprocessing = 0;
		};
/* End PBXSourcesBuildPhase section */

/* Begin PBXTargetDependency section */
		0FF07EE223D79DC500CFFA3F /* PBXTargetDependency */ = {
			isa = PBXTargetDependency;
			target = 0FF07EC923D79DC400CFFA3F /* CameraKitSample */;
			targetProxy = 0FF07EE123D79DC500CFFA3F /* PBXContainerItemProxy */;
		};
		0FF07EED23D79DC500CFFA3F /* PBXTargetDependency */ = {
			isa = PBXTargetDependency;
			target = 0FF07EC923D79DC400CFFA3F /* CameraKitSample */;
			targetProxy = 0FF07EEC23D79DC500CFFA3F /* PBXContainerItemProxy */;
		};
/* End PBXTargetDependency section */

/* Begin PBXVariantGroup section */
		0FF07ED823D79DC500CFFA3F /* LaunchScreen.storyboard */ = {
			isa = PBXVariantGroup;
			children = (
				0FF07ED923D79DC500CFFA3F /* Base */,
			);
			name = LaunchScreen.storyboard;
			sourceTree = "<group>";
		};
		A678629429419A8D00F5AF06 /* Localizable.strings */ = {
			isa = PBXVariantGroup;
			children = (
				A678629329419A8D00F5AF06 /* en */,
			);
			name = Localizable.strings;
			sourceTree = "<group>";
		};
/* End PBXVariantGroup section */

/* Begin XCBuildConfiguration section */
		0FCA702B23EB6D9B00EA6DE2 /* Enterprise */ = {
			isa = XCBuildConfiguration;
			buildSettings = {
				ALWAYS_SEARCH_USER_PATHS = NO;
				CLANG_ANALYZER_NONNULL = YES;
				CLANG_ANALYZER_NUMBER_OBJECT_CONVERSION = YES_AGGRESSIVE;
				CLANG_CXX_LANGUAGE_STANDARD = "gnu++14";
				CLANG_CXX_LIBRARY = "libc++";
				CLANG_ENABLE_MODULES = YES;
				CLANG_ENABLE_OBJC_ARC = YES;
				CLANG_ENABLE_OBJC_WEAK = YES;
				CLANG_WARN_BLOCK_CAPTURE_AUTORELEASING = YES;
				CLANG_WARN_BOOL_CONVERSION = YES;
				CLANG_WARN_COMMA = YES;
				CLANG_WARN_CONSTANT_CONVERSION = YES;
				CLANG_WARN_DEPRECATED_OBJC_IMPLEMENTATIONS = YES;
				CLANG_WARN_DIRECT_OBJC_ISA_USAGE = YES_ERROR;
				CLANG_WARN_DOCUMENTATION_COMMENTS = YES;
				CLANG_WARN_EMPTY_BODY = YES;
				CLANG_WARN_ENUM_CONVERSION = YES;
				CLANG_WARN_INFINITE_RECURSION = YES;
				CLANG_WARN_INT_CONVERSION = YES;
				CLANG_WARN_NON_LITERAL_NULL_CONVERSION = YES;
				CLANG_WARN_OBJC_IMPLICIT_RETAIN_SELF = YES;
				CLANG_WARN_OBJC_LITERAL_CONVERSION = YES;
				CLANG_WARN_OBJC_ROOT_CLASS = YES_ERROR;
				CLANG_WARN_RANGE_LOOP_ANALYSIS = YES;
				CLANG_WARN_STRICT_PROTOTYPES = YES;
				CLANG_WARN_SUSPICIOUS_MOVE = YES;
				CLANG_WARN_UNGUARDED_AVAILABILITY = YES_AGGRESSIVE;
				CLANG_WARN_UNREACHABLE_CODE = YES;
				CLANG_WARN__DUPLICATE_METHOD_MATCH = YES;
				COPY_PHASE_STRIP = NO;
				DEBUG_INFORMATION_FORMAT = "dwarf-with-dsym";
				ENABLE_NS_ASSERTIONS = NO;
				ENABLE_STRICT_OBJC_MSGSEND = YES;
				GCC_C_LANGUAGE_STANDARD = gnu11;
				GCC_NO_COMMON_BLOCKS = YES;
				GCC_WARN_64_TO_32_BIT_CONVERSION = YES;
				GCC_WARN_ABOUT_RETURN_TYPE = YES_ERROR;
				GCC_WARN_UNDECLARED_SELECTOR = YES;
				GCC_WARN_UNINITIALIZED_AUTOS = YES_AGGRESSIVE;
				GCC_WARN_UNUSED_FUNCTION = YES;
				GCC_WARN_UNUSED_VARIABLE = YES;
				IPHONEOS_DEPLOYMENT_TARGET = 13.2;
				MTL_ENABLE_DEBUG_INFO = NO;
				MTL_FAST_MATH = YES;
				OTHER_SWIFT_FLAGS = "-DCAMERAKIT_PUSHTODEVICE";
				SDKROOT = iphoneos;
				SWIFT_COMPILATION_MODE = wholemodule;
				SWIFT_OPTIMIZATION_LEVEL = "-O";
				VALIDATE_PRODUCT = YES;
			};
			name = Enterprise;
		};
		0FCA702C23EB6D9B00EA6DE2 /* Enterprise */ = {
			isa = XCBuildConfiguration;
			baseConfigurationReference = C4844B22C684FC739EE48139 /* Pods-CameraKitSample.enterprise.xcconfig */;
			buildSettings = {
				ASSETCATALOG_COMPILER_APPICON_NAME = AppIcon;
				CODE_SIGN_STYLE = Manual;
				CURRENT_PROJECT_VERSION = 1;
				DEVELOPMENT_TEAM = 424M5254LK;
				ENABLE_BITCODE = NO;
				FRAMEWORK_SEARCH_PATHS = (
					"$(inherited)",
					"$(PROJECT_DIR)/SnapKit",
				);
				INFOPLIST_FILE = CameraKitSample/Info.plist;
				IPHONEOS_DEPLOYMENT_TARGET = 12.0;
				LD_RUNPATH_SEARCH_PATHS = (
					"$(inherited)",
					"@executable_path/Frameworks",
				);
				MARKETING_VERSION = 0.1.0;
				PRODUCT_BUNDLE_IDENTIFIER = com.snapchat.secret.camerakit.sample;
				PRODUCT_NAME = "$(TARGET_NAME)";
				PROVISIONING_PROFILE_SPECIFIER = "";
				SWIFT_VERSION = 5.0;
				TARGETED_DEVICE_FAMILY = "1,2";
			};
			name = Enterprise;
		};
		0FCA702D23EB6D9B00EA6DE2 /* Enterprise */ = {
			isa = XCBuildConfiguration;
			baseConfigurationReference = 102E255BE3ECAD766E9F184B /* Pods-CameraKitSampleTests.enterprise.xcconfig */;
			buildSettings = {
				ALWAYS_EMBED_SWIFT_STANDARD_LIBRARIES = YES;
				BUNDLE_LOADER = "$(TEST_HOST)";
				CODE_SIGN_STYLE = Automatic;
				DEVELOPMENT_TEAM = 424M5254LK;
				INFOPLIST_FILE = CameraKitSampleTests/Info.plist;
				IPHONEOS_DEPLOYMENT_TARGET = 13.2;
				LD_RUNPATH_SEARCH_PATHS = (
					"$(inherited)",
					"@executable_path/Frameworks",
					"@loader_path/Frameworks",
				);
				PRODUCT_BUNDLE_IDENTIFIER = com.snap.CameraKitSampleTests;
				PRODUCT_NAME = "$(TARGET_NAME)";
				SWIFT_VERSION = 5.0;
				TARGETED_DEVICE_FAMILY = "1,2";
				TEST_HOST = "$(BUILT_PRODUCTS_DIR)/CameraKitSample.app/CameraKitSample";
			};
			name = Enterprise;
		};
		0FCA702E23EB6D9B00EA6DE2 /* Enterprise */ = {
			isa = XCBuildConfiguration;
			buildSettings = {
				ALWAYS_EMBED_SWIFT_STANDARD_LIBRARIES = YES;
				CODE_SIGN_STYLE = Automatic;
				DEVELOPMENT_TEAM = 424M5254LK;
				INFOPLIST_FILE = CameraKitSampleUITests/Info.plist;
				LD_RUNPATH_SEARCH_PATHS = (
					"$(inherited)",
					"@executable_path/Frameworks",
					"@loader_path/Frameworks",
				);
				PRODUCT_BUNDLE_IDENTIFIER = com.snap.CameraKitSampleUITests;
				PRODUCT_NAME = "$(TARGET_NAME)";
				SWIFT_VERSION = 5.0;
				TARGETED_DEVICE_FAMILY = "1,2";
				TEST_TARGET_NAME = CameraKitSample;
			};
			name = Enterprise;
		};
		0FF07EF223D79DC500CFFA3F /* Debug */ = {
			isa = XCBuildConfiguration;
			buildSettings = {
				ALWAYS_SEARCH_USER_PATHS = NO;
				CLANG_ANALYZER_NONNULL = YES;
				CLANG_ANALYZER_NUMBER_OBJECT_CONVERSION = YES_AGGRESSIVE;
				CLANG_CXX_LANGUAGE_STANDARD = "gnu++14";
				CLANG_CXX_LIBRARY = "libc++";
				CLANG_ENABLE_MODULES = YES;
				CLANG_ENABLE_OBJC_ARC = YES;
				CLANG_ENABLE_OBJC_WEAK = YES;
				CLANG_WARN_BLOCK_CAPTURE_AUTORELEASING = YES;
				CLANG_WARN_BOOL_CONVERSION = YES;
				CLANG_WARN_COMMA = YES;
				CLANG_WARN_CONSTANT_CONVERSION = YES;
				CLANG_WARN_DEPRECATED_OBJC_IMPLEMENTATIONS = YES;
				CLANG_WARN_DIRECT_OBJC_ISA_USAGE = YES_ERROR;
				CLANG_WARN_DOCUMENTATION_COMMENTS = YES;
				CLANG_WARN_EMPTY_BODY = YES;
				CLANG_WARN_ENUM_CONVERSION = YES;
				CLANG_WARN_INFINITE_RECURSION = YES;
				CLANG_WARN_INT_CONVERSION = YES;
				CLANG_WARN_NON_LITERAL_NULL_CONVERSION = YES;
				CLANG_WARN_OBJC_IMPLICIT_RETAIN_SELF = YES;
				CLANG_WARN_OBJC_LITERAL_CONVERSION = YES;
				CLANG_WARN_OBJC_ROOT_CLASS = YES_ERROR;
				CLANG_WARN_RANGE_LOOP_ANALYSIS = YES;
				CLANG_WARN_STRICT_PROTOTYPES = YES;
				CLANG_WARN_SUSPICIOUS_MOVE = YES;
				CLANG_WARN_UNGUARDED_AVAILABILITY = YES_AGGRESSIVE;
				CLANG_WARN_UNREACHABLE_CODE = YES;
				CLANG_WARN__DUPLICATE_METHOD_MATCH = YES;
				COPY_PHASE_STRIP = NO;
				DEBUG_INFORMATION_FORMAT = dwarf;
				ENABLE_STRICT_OBJC_MSGSEND = YES;
				ENABLE_TESTABILITY = YES;
				GCC_C_LANGUAGE_STANDARD = gnu11;
				GCC_DYNAMIC_NO_PIC = NO;
				GCC_NO_COMMON_BLOCKS = YES;
				GCC_OPTIMIZATION_LEVEL = 0;
				GCC_PREPROCESSOR_DEFINITIONS = (
					"DEBUG=1",
					"$(inherited)",
				);
				GCC_WARN_64_TO_32_BIT_CONVERSION = YES;
				GCC_WARN_ABOUT_RETURN_TYPE = YES_ERROR;
				GCC_WARN_UNDECLARED_SELECTOR = YES;
				GCC_WARN_UNINITIALIZED_AUTOS = YES_AGGRESSIVE;
				GCC_WARN_UNUSED_FUNCTION = YES;
				GCC_WARN_UNUSED_VARIABLE = YES;
				IPHONEOS_DEPLOYMENT_TARGET = 13.2;
				MTL_ENABLE_DEBUG_INFO = INCLUDE_SOURCE;
				MTL_FAST_MATH = YES;
				ONLY_ACTIVE_ARCH = YES;
				OTHER_SWIFT_FLAGS = "-DCAMERAKIT_PUSHTODEVICE";
				SDKROOT = iphoneos;
				SWIFT_ACTIVE_COMPILATION_CONDITIONS = DEBUG;
				SWIFT_OPTIMIZATION_LEVEL = "-Onone";
			};
			name = Debug;
		};
		0FF07EF323D79DC500CFFA3F /* Release */ = {
			isa = XCBuildConfiguration;
			buildSettings = {
				ALWAYS_SEARCH_USER_PATHS = NO;
				CLANG_ANALYZER_NONNULL = YES;
				CLANG_ANALYZER_NUMBER_OBJECT_CONVERSION = YES_AGGRESSIVE;
				CLANG_CXX_LANGUAGE_STANDARD = "gnu++14";
				CLANG_CXX_LIBRARY = "libc++";
				CLANG_ENABLE_MODULES = YES;
				CLANG_ENABLE_OBJC_ARC = YES;
				CLANG_ENABLE_OBJC_WEAK = YES;
				CLANG_WARN_BLOCK_CAPTURE_AUTORELEASING = YES;
				CLANG_WARN_BOOL_CONVERSION = YES;
				CLANG_WARN_COMMA = YES;
				CLANG_WARN_CONSTANT_CONVERSION = YES;
				CLANG_WARN_DEPRECATED_OBJC_IMPLEMENTATIONS = YES;
				CLANG_WARN_DIRECT_OBJC_ISA_USAGE = YES_ERROR;
				CLANG_WARN_DOCUMENTATION_COMMENTS = YES;
				CLANG_WARN_EMPTY_BODY = YES;
				CLANG_WARN_ENUM_CONVERSION = YES;
				CLANG_WARN_INFINITE_RECURSION = YES;
				CLANG_WARN_INT_CONVERSION = YES;
				CLANG_WARN_NON_LITERAL_NULL_CONVERSION = YES;
				CLANG_WARN_OBJC_IMPLICIT_RETAIN_SELF = YES;
				CLANG_WARN_OBJC_LITERAL_CONVERSION = YES;
				CLANG_WARN_OBJC_ROOT_CLASS = YES_ERROR;
				CLANG_WARN_RANGE_LOOP_ANALYSIS = YES;
				CLANG_WARN_STRICT_PROTOTYPES = YES;
				CLANG_WARN_SUSPICIOUS_MOVE = YES;
				CLANG_WARN_UNGUARDED_AVAILABILITY = YES_AGGRESSIVE;
				CLANG_WARN_UNREACHABLE_CODE = YES;
				CLANG_WARN__DUPLICATE_METHOD_MATCH = YES;
				COPY_PHASE_STRIP = NO;
				DEBUG_INFORMATION_FORMAT = "dwarf-with-dsym";
				ENABLE_NS_ASSERTIONS = NO;
				ENABLE_STRICT_OBJC_MSGSEND = YES;
				GCC_C_LANGUAGE_STANDARD = gnu11;
				GCC_NO_COMMON_BLOCKS = YES;
				GCC_WARN_64_TO_32_BIT_CONVERSION = YES;
				GCC_WARN_ABOUT_RETURN_TYPE = YES_ERROR;
				GCC_WARN_UNDECLARED_SELECTOR = YES;
				GCC_WARN_UNINITIALIZED_AUTOS = YES_AGGRESSIVE;
				GCC_WARN_UNUSED_FUNCTION = YES;
				GCC_WARN_UNUSED_VARIABLE = YES;
				IPHONEOS_DEPLOYMENT_TARGET = 13.2;
				MTL_ENABLE_DEBUG_INFO = NO;
				MTL_FAST_MATH = YES;
				OTHER_SWIFT_FLAGS = "-DCAMERAKIT_PUSHTODEVICE";
				SDKROOT = iphoneos;
				SWIFT_COMPILATION_MODE = wholemodule;
				SWIFT_OPTIMIZATION_LEVEL = "-O";
				VALIDATE_PRODUCT = YES;
			};
			name = Release;
		};
		0FF07EF523D79DC500CFFA3F /* Debug */ = {
			isa = XCBuildConfiguration;
			baseConfigurationReference = 9E2C4409553480641E55EB29 /* Pods-CameraKitSample.debug.xcconfig */;
			buildSettings = {
				ASSETCATALOG_COMPILER_APPICON_NAME = AppIcon;
				CODE_SIGN_STYLE = Automatic;
				CURRENT_PROJECT_VERSION = 1;
				DEVELOPMENT_TEAM = 424M5254LK;
				ENABLE_BITCODE = NO;
				FRAMEWORK_SEARCH_PATHS = (
					"$(inherited)",
					"$(PROJECT_DIR)/SnapKit",
				);
				INFOPLIST_FILE = CameraKitSample/Info.plist;
				IPHONEOS_DEPLOYMENT_TARGET = 12.0;
				LD_RUNPATH_SEARCH_PATHS = (
					"$(inherited)",
					"@executable_path/Frameworks",
				);
				MARKETING_VERSION = 0.1.0;
				PRODUCT_BUNDLE_IDENTIFIER = com.snap.camerakit.sample;
				PRODUCT_NAME = "$(TARGET_NAME)";
				SWIFT_ACTIVE_COMPILATION_CONDITIONS = DEBUG;
				SWIFT_VERSION = 5.0;
				TARGETED_DEVICE_FAMILY = "1,2";
			};
			name = Debug;
		};
		0FF07EF623D79DC500CFFA3F /* Release */ = {
			isa = XCBuildConfiguration;
			baseConfigurationReference = 9A27A7977E990FF3BA7D2F75 /* Pods-CameraKitSample.release.xcconfig */;
			buildSettings = {
				ASSETCATALOG_COMPILER_APPICON_NAME = AppIcon;
				CODE_SIGN_STYLE = Manual;
				CURRENT_PROJECT_VERSION = 1;
				DEVELOPMENT_TEAM = 424M5254LK;
				ENABLE_BITCODE = NO;
				FRAMEWORK_SEARCH_PATHS = (
					"$(inherited)",
					"$(PROJECT_DIR)/SnapKit",
				);
				INFOPLIST_FILE = CameraKitSample/Info.plist;
				IPHONEOS_DEPLOYMENT_TARGET = 12.0;
				LD_RUNPATH_SEARCH_PATHS = (
					"$(inherited)",
					"@executable_path/Frameworks",
				);
				MARKETING_VERSION = 0.1.0;
				PRODUCT_BUNDLE_IDENTIFIER = com.snap.camerakit.sample;
				PRODUCT_NAME = "$(TARGET_NAME)";
				PROVISIONING_PROFILE_SPECIFIER = "CameraKit Sample Ad Hoc";
				SWIFT_VERSION = 5.0;
				TARGETED_DEVICE_FAMILY = "1,2";
			};
			name = Release;
		};
		0FF07EF823D79DC500CFFA3F /* Debug */ = {
			isa = XCBuildConfiguration;
			baseConfigurationReference = CF62D770B57A393FA6DF9A21 /* Pods-CameraKitSampleTests.debug.xcconfig */;
			buildSettings = {
				ALWAYS_EMBED_SWIFT_STANDARD_LIBRARIES = YES;
				BUNDLE_LOADER = "$(TEST_HOST)";
				CODE_SIGN_STYLE = Automatic;
				DEVELOPMENT_TEAM = 424M5254LK;
				INFOPLIST_FILE = CameraKitSampleTests/Info.plist;
				IPHONEOS_DEPLOYMENT_TARGET = 13.2;
				LD_RUNPATH_SEARCH_PATHS = (
					"$(inherited)",
					"@executable_path/Frameworks",
					"@loader_path/Frameworks",
				);
				PRODUCT_BUNDLE_IDENTIFIER = com.snap.CameraKitSampleTests;
				PRODUCT_NAME = "$(TARGET_NAME)";
				SWIFT_VERSION = 5.0;
				TARGETED_DEVICE_FAMILY = "1,2";
				TEST_HOST = "$(BUILT_PRODUCTS_DIR)/CameraKitSample.app/CameraKitSample";
			};
			name = Debug;
		};
		0FF07EF923D79DC500CFFA3F /* Release */ = {
			isa = XCBuildConfiguration;
			baseConfigurationReference = 5BF194BD9CAB638B7CF8B766 /* Pods-CameraKitSampleTests.release.xcconfig */;
			buildSettings = {
				ALWAYS_EMBED_SWIFT_STANDARD_LIBRARIES = YES;
				BUNDLE_LOADER = "$(TEST_HOST)";
				CODE_SIGN_STYLE = Automatic;
				DEVELOPMENT_TEAM = 424M5254LK;
				INFOPLIST_FILE = CameraKitSampleTests/Info.plist;
				IPHONEOS_DEPLOYMENT_TARGET = 13.2;
				LD_RUNPATH_SEARCH_PATHS = (
					"$(inherited)",
					"@executable_path/Frameworks",
					"@loader_path/Frameworks",
				);
				PRODUCT_BUNDLE_IDENTIFIER = com.snap.CameraKitSampleTests;
				PRODUCT_NAME = "$(TARGET_NAME)";
				SWIFT_VERSION = 5.0;
				TARGETED_DEVICE_FAMILY = "1,2";
				TEST_HOST = "$(BUILT_PRODUCTS_DIR)/CameraKitSample.app/CameraKitSample";
			};
			name = Release;
		};
		0FF07EFB23D79DC500CFFA3F /* Debug */ = {
			isa = XCBuildConfiguration;
			buildSettings = {
				ALWAYS_EMBED_SWIFT_STANDARD_LIBRARIES = YES;
				CODE_SIGN_STYLE = Automatic;
				DEVELOPMENT_TEAM = 424M5254LK;
				INFOPLIST_FILE = CameraKitSampleUITests/Info.plist;
				LD_RUNPATH_SEARCH_PATHS = (
					"$(inherited)",
					"@executable_path/Frameworks",
					"@loader_path/Frameworks",
				);
				PRODUCT_BUNDLE_IDENTIFIER = com.snap.CameraKitSampleUITests;
				PRODUCT_NAME = "$(TARGET_NAME)";
				SWIFT_VERSION = 5.0;
				TARGETED_DEVICE_FAMILY = "1,2";
				TEST_TARGET_NAME = CameraKitSample;
			};
			name = Debug;
		};
		0FF07EFC23D79DC500CFFA3F /* Release */ = {
			isa = XCBuildConfiguration;
			buildSettings = {
				ALWAYS_EMBED_SWIFT_STANDARD_LIBRARIES = YES;
				CODE_SIGN_STYLE = Automatic;
				DEVELOPMENT_TEAM = 424M5254LK;
				INFOPLIST_FILE = CameraKitSampleUITests/Info.plist;
				LD_RUNPATH_SEARCH_PATHS = (
					"$(inherited)",
					"@executable_path/Frameworks",
					"@loader_path/Frameworks",
				);
				PRODUCT_BUNDLE_IDENTIFIER = com.snap.CameraKitSampleUITests;
				PRODUCT_NAME = "$(TARGET_NAME)";
				SWIFT_VERSION = 5.0;
				TARGETED_DEVICE_FAMILY = "1,2";
				TEST_TARGET_NAME = CameraKitSample;
			};
			name = Release;
		};
/* End XCBuildConfiguration section */

/* Begin XCConfigurationList section */
		0FF07EC523D79DC400CFFA3F /* Build configuration list for PBXProject "CameraKitSample" */ = {
			isa = XCConfigurationList;
			buildConfigurations = (
				0FF07EF223D79DC500CFFA3F /* Debug */,
				0FF07EF323D79DC500CFFA3F /* Release */,
				0FCA702B23EB6D9B00EA6DE2 /* Enterprise */,
			);
			defaultConfigurationIsVisible = 0;
			defaultConfigurationName = Release;
		};
		0FF07EF423D79DC500CFFA3F /* Build configuration list for PBXNativeTarget "CameraKitSample" */ = {
			isa = XCConfigurationList;
			buildConfigurations = (
				0FF07EF523D79DC500CFFA3F /* Debug */,
				0FF07EF623D79DC500CFFA3F /* Release */,
				0FCA702C23EB6D9B00EA6DE2 /* Enterprise */,
			);
			defaultConfigurationIsVisible = 0;
			defaultConfigurationName = Release;
		};
		0FF07EF723D79DC500CFFA3F /* Build configuration list for PBXNativeTarget "CameraKitSampleTests" */ = {
			isa = XCConfigurationList;
			buildConfigurations = (
				0FF07EF823D79DC500CFFA3F /* Debug */,
				0FF07EF923D79DC500CFFA3F /* Release */,
				0FCA702D23EB6D9B00EA6DE2 /* Enterprise */,
			);
			defaultConfigurationIsVisible = 0;
			defaultConfigurationName = Release;
		};
		0FF07EFA23D79DC500CFFA3F /* Build configuration list for PBXNativeTarget "CameraKitSampleUITests" */ = {
			isa = XCConfigurationList;
			buildConfigurations = (
				0FF07EFB23D79DC500CFFA3F /* Debug */,
				0FF07EFC23D79DC500CFFA3F /* Release */,
				0FCA702E23EB6D9B00EA6DE2 /* Enterprise */,
			);
			defaultConfigurationIsVisible = 0;
			defaultConfigurationName = Release;
		};
/* End XCConfigurationList section */
	};
	rootObject = 0FF07EC223D79DC400CFFA3F /* Project object */;
}
